// !$*UTF8*$!
{
	archiveVersion = 1;
	classes = {
	};
	objectVersion = 50;
	objects = {

/* Begin PBXBuildFile section */
		7A5B992E25AEBCBD00B98DC8 /* AppDelegate.swift in Sources */ = {isa = PBXBuildFile; fileRef = 7A5B992D25AEBCBD00B98DC8 /* AppDelegate.swift */; };
		7A5B993025AEBCBD00B98DC8 /* SceneDelegate.swift in Sources */ = {isa = PBXBuildFile; fileRef = 7A5B992F25AEBCBD00B98DC8 /* SceneDelegate.swift */; };
		7A5B993225AEBCBD00B98DC8 /* ViewController.swift in Sources */ = {isa = PBXBuildFile; fileRef = 7A5B993125AEBCBD00B98DC8 /* ViewController.swift */; };
		7A5B993525AEBCBD00B98DC8 /* Main.storyboard in Resources */ = {isa = PBXBuildFile; fileRef = 7A5B993325AEBCBD00B98DC8 /* Main.storyboard */; };
		7A5B993725AEBCBF00B98DC8 /* Assets.xcassets in Resources */ = {isa = PBXBuildFile; fileRef = 7A5B993625AEBCBF00B98DC8 /* Assets.xcassets */; };
		7A5B993A25AEBCBF00B98DC8 /* LaunchScreen.storyboard in Resources */ = {isa = PBXBuildFile; fileRef = 7A5B993825AEBCBF00B98DC8 /* LaunchScreen.storyboard */; };
		7A5B994525AEBCC000B98DC8 /* UICollectionTests.swift in Sources */ = {isa = PBXBuildFile; fileRef = 7A5B994425AEBCC000B98DC8 /* UICollectionTests.swift */; };
		7A5B996425AEC20200B98DC8 /* CollectionCell.swift in Sources */ = {isa = PBXBuildFile; fileRef = 7A5B996325AEC20200B98DC8 /* CollectionCell.swift */; };
/* End PBXBuildFile section */

/* Begin PBXContainerItemProxy section */
		7A5B994125AEBCC000B98DC8 /* PBXContainerItemProxy */ = {
			isa = PBXContainerItemProxy;
			containerPortal = 7A5B992225AEBCBD00B98DC8 /* Project object */;
			proxyType = 1;
			remoteGlobalIDString = 7A5B992925AEBCBD00B98DC8;
			remoteInfo = UICollection;
		};
		7A5B994C25AEBCC000B98DC8 /* PBXContainerItemProxy */ = {
			isa = PBXContainerItemProxy;
			containerPortal = 7A5B992225AEBCBD00B98DC8 /* Project object */;
			proxyType = 1;
			remoteGlobalIDString = 7A5B992925AEBCBD00B98DC8;
			remoteInfo = UICollection;
		};
/* End PBXContainerItemProxy section */

/* Begin PBXFileReference section */
		7A5B992A25AEBCBD00B98DC8 /* UICollection.app */ = {isa = PBXFileReference; explicitFileType = wrapper.application; includeInIndex = 0; path = UICollection.app; sourceTree = BUILT_PRODUCTS_DIR; };
		7A5B992D25AEBCBD00B98DC8 /* AppDelegate.swift */ = {isa = PBXFileReference; lastKnownFileType = sourcecode.swift; path = AppDelegate.swift; sourceTree = "<group>"; };
		7A5B992F25AEBCBD00B98DC8 /* SceneDelegate.swift */ = {isa = PBXFileReference; lastKnownFileType = sourcecode.swift; path = SceneDelegate.swift; sourceTree = "<group>"; };
		7A5B993125AEBCBD00B98DC8 /* ViewController.swift */ = {isa = PBXFileReference; lastKnownFileType = sourcecode.swift; path = ViewController.swift; sourceTree = "<group>"; };
		7A5B993425AEBCBD00B98DC8 /* Base */ = {isa = PBXFileReference; lastKnownFileType = file.storyboard; name = Base; path = Base.lproj/Main.storyboard; sourceTree = "<group>"; };
		7A5B993625AEBCBF00B98DC8 /* Assets.xcassets */ = {isa = PBXFileReference; lastKnownFileType = folder.assetcatalog; path = Assets.xcassets; sourceTree = "<group>"; };
		7A5B993925AEBCBF00B98DC8 /* Base */ = {isa = PBXFileReference; lastKnownFileType = file.storyboard; name = Base; path = Base.lproj/LaunchScreen.storyboard; sourceTree = "<group>"; };
		7A5B993B25AEBCBF00B98DC8 /* Info.plist */ = {isa = PBXFileReference; lastKnownFileType = text.plist.xml; path = Info.plist; sourceTree = "<group>"; };
		7A5B994025AEBCC000B98DC8 /* UICollectionTests.xctest */ = {isa = PBXFileReference; explicitFileType = wrapper.cfbundle; includeInIndex = 0; path = UICollectionTests.xctest; sourceTree = BUILT_PRODUCTS_DIR; };
		7A5B994425AEBCC000B98DC8 /* UICollectionTests.swift */ = {isa = PBXFileReference; lastKnownFileType = sourcecode.swift; path = UICollectionTests.swift; sourceTree = "<group>"; };
		7A5B994625AEBCC000B98DC8 /* Info.plist */ = {isa = PBXFileReference; lastKnownFileType = text.plist.xml; path = Info.plist; sourceTree = "<group>"; };
		7A5B994B25AEBCC000B98DC8 /* UICollectionUITests.xctest */ = {isa = PBXFileReference; explicitFileType = wrapper.cfbundle; includeInIndex = 0; path = UICollectionUITests.xctest; sourceTree = BUILT_PRODUCTS_DIR; };
		7A5B996325AEC20200B98DC8 /* CollectionCell.swift */ = {isa = PBXFileReference; lastKnownFileType = sourcecode.swift; path = CollectionCell.swift; sourceTree = "<group>"; };
/* End PBXFileReference section */

/* Begin PBXFrameworksBuildPhase section */
		7A5B992725AEBCBD00B98DC8 /* Frameworks */ = {
			isa = PBXFrameworksBuildPhase;
			buildActionMask = 2147483647;
			files = (
			);
			runOnlyForDeploymentPostprocessing = 0;
		};
		7A5B993D25AEBCC000B98DC8 /* Frameworks */ = {
			isa = PBXFrameworksBuildPhase;
			buildActionMask = 2147483647;
			files = (
			);
			runOnlyForDeploymentPostprocessing = 0;
		};
		7A5B994825AEBCC000B98DC8 /* Frameworks */ = {
			isa = PBXFrameworksBuildPhase;
			buildActionMask = 2147483647;
			files = (
			);
			runOnlyForDeploymentPostprocessing = 0;
		};
/* End PBXFrameworksBuildPhase section */

/* Begin PBXGroup section */
		7A5B992125AEBCBD00B98DC8 = {
			isa = PBXGroup;
			children = (
				7A5B992C25AEBCBD00B98DC8 /* UICollection */,
				7A5B994325AEBCC000B98DC8 /* UICollectionTests */,
				7A5B992B25AEBCBD00B98DC8 /* Products */,
			);
			sourceTree = "<group>";
		};
		7A5B992B25AEBCBD00B98DC8 /* Products */ = {
			isa = PBXGroup;
			children = (
				7A5B992A25AEBCBD00B98DC8 /* UICollection.app */,
				7A5B994025AEBCC000B98DC8 /* UICollectionTests.xctest */,
				7A5B994B25AEBCC000B98DC8 /* UICollectionUITests.xctest */,
			);
			name = Products;
			sourceTree = "<group>";
		};
		7A5B992C25AEBCBD00B98DC8 /* UICollection */ = {
			isa = PBXGroup;
			children = (
				7A5B992D25AEBCBD00B98DC8 /* AppDelegate.swift */,
				7A5B992F25AEBCBD00B98DC8 /* SceneDelegate.swift */,
				7A5B993125AEBCBD00B98DC8 /* ViewController.swift */,
				7A5B993325AEBCBD00B98DC8 /* Main.storyboard */,
				7A5B993625AEBCBF00B98DC8 /* Assets.xcassets */,
				7A5B993825AEBCBF00B98DC8 /* LaunchScreen.storyboard */,
				7A5B993B25AEBCBF00B98DC8 /* Info.plist */,
				7A5B996325AEC20200B98DC8 /* CollectionCell.swift */,
			);
			path = UICollection;
			sourceTree = "<group>";
		};
		7A5B994325AEBCC000B98DC8 /* UICollectionTests */ = {
			isa = PBXGroup;
			children = (
				7A5B994425AEBCC000B98DC8 /* UICollectionTests.swift */,
				7A5B994625AEBCC000B98DC8 /* Info.plist */,
			);
			path = UICollectionTests;
			sourceTree = "<group>";
		};
/* End PBXGroup section */

/* Begin PBXNativeTarget section */
		7A5B992925AEBCBD00B98DC8 /* UICollection */ = {
			isa = PBXNativeTarget;
			buildConfigurationList = 7A5B995425AEBCC000B98DC8 /* Build configuration list for PBXNativeTarget "UICollection" */;
			buildPhases = (
				7A5B992625AEBCBD00B98DC8 /* Sources */,
				7A5B992725AEBCBD00B98DC8 /* Frameworks */,
				7A5B992825AEBCBD00B98DC8 /* Resources */,
			);
			buildRules = (
			);
			dependencies = (
			);
			name = UICollection;
			productName = UICollection;
			productReference = 7A5B992A25AEBCBD00B98DC8 /* UICollection.app */;
			productType = "com.apple.product-type.application";
		};
		7A5B993F25AEBCC000B98DC8 /* UICollectionTests */ = {
			isa = PBXNativeTarget;
			buildConfigurationList = 7A5B995725AEBCC000B98DC8 /* Build configuration list for PBXNativeTarget "UICollectionTests" */;
			buildPhases = (
				7A5B993C25AEBCC000B98DC8 /* Sources */,
				7A5B993D25AEBCC000B98DC8 /* Frameworks */,
				7A5B993E25AEBCC000B98DC8 /* Resources */,
			);
			buildRules = (
			);
			dependencies = (
				7A5B994225AEBCC000B98DC8 /* PBXTargetDependency */,
			);
			name = UICollectionTests;
			productName = UICollectionTests;
			productReference = 7A5B994025AEBCC000B98DC8 /* UICollectionTests.xctest */;
			productType = "com.apple.product-type.bundle.unit-test";
		};
		7A5B994A25AEBCC000B98DC8 /* UICollectionUITests */ = {
			isa = PBXNativeTarget;
			buildConfigurationList = 7A5B995A25AEBCC000B98DC8 /* Build configuration list for PBXNativeTarget "UICollectionUITests" */;
			buildPhases = (
				7A5B994725AEBCC000B98DC8 /* Sources */,
				7A5B994825AEBCC000B98DC8 /* Frameworks */,
				7A5B994925AEBCC000B98DC8 /* Resources */,
			);
			buildRules = (
			);
			dependencies = (
				7A5B994D25AEBCC000B98DC8 /* PBXTargetDependency */,
			);
			name = UICollectionUITests;
			productName = UICollectionUITests;
			productReference = 7A5B994B25AEBCC000B98DC8 /* UICollectionUITests.xctest */;
			productType = "com.apple.product-type.bundle.ui-testing";
		};
/* End PBXNativeTarget section */

/* Begin PBXProject section */
		7A5B992225AEBCBD00B98DC8 /* Project object */ = {
			isa = PBXProject;
			attributes = {
				LastSwiftUpdateCheck = 1220;
				LastUpgradeCheck = 1220;
				TargetAttributes = {
					7A5B992925AEBCBD00B98DC8 = {
						CreatedOnToolsVersion = 12.2;
					};
					7A5B993F25AEBCC000B98DC8 = {
						CreatedOnToolsVersion = 12.2;
						TestTargetID = 7A5B992925AEBCBD00B98DC8;
					};
					7A5B994A25AEBCC000B98DC8 = {
						CreatedOnToolsVersion = 12.2;
						TestTargetID = 7A5B992925AEBCBD00B98DC8;
					};
				};
			};
			buildConfigurationList = 7A5B992525AEBCBD00B98DC8 /* Build configuration list for PBXProject "UICollection" */;
			compatibilityVersion = "Xcode 9.3";
			developmentRegion = en;
			hasScannedForEncodings = 0;
			knownRegions = (
				en,
				Base,
			);
			mainGroup = 7A5B992125AEBCBD00B98DC8;
			productRefGroup = 7A5B992B25AEBCBD00B98DC8 /* Products */;
			projectDirPath = "";
			projectRoot = "";
			targets = (
				7A5B992925AEBCBD00B98DC8 /* UICollection */,
				7A5B993F25AEBCC000B98DC8 /* UICollectionTests */,
				7A5B994A25AEBCC000B98DC8 /* UICollectionUITests */,
			);
		};
/* End PBXProject section */

/* Begin PBXResourcesBuildPhase section */
		7A5B992825AEBCBD00B98DC8 /* Resources */ = {
			isa = PBXResourcesBuildPhase;
			buildActionMask = 2147483647;
			files = (
				7A5B993A25AEBCBF00B98DC8 /* LaunchScreen.storyboard in Resources */,
				7A5B993725AEBCBF00B98DC8 /* Assets.xcassets in Resources */,
				7A5B993525AEBCBD00B98DC8 /* Main.storyboard in Resources */,
			);
			runOnlyForDeploymentPostprocessing = 0;
		};
		7A5B993E25AEBCC000B98DC8 /* Resources */ = {
			isa = PBXResourcesBuildPhase;
			buildActionMask = 2147483647;
			files = (
			);
			runOnlyForDeploymentPostprocessing = 0;
		};
		7A5B994925AEBCC000B98DC8 /* Resources */ = {
			isa = PBXResourcesBuildPhase;
			buildActionMask = 2147483647;
			files = (
			);
			runOnlyForDeploymentPostprocessing = 0;
		};
/* End PBXResourcesBuildPhase section */

/* Begin PBXSourcesBuildPhase section */
		7A5B992625AEBCBD00B98DC8 /* Sources */ = {
			isa = PBXSourcesBuildPhase;
			buildActionMask = 2147483647;
			files = (
				7A5B993225AEBCBD00B98DC8 /* ViewController.swift in Sources */,
				7A5B992E25AEBCBD00B98DC8 /* AppDelegate.swift in Sources */,
				7A5B993025AEBCBD00B98DC8 /* SceneDelegate.swift in Sources */,
				7A5B996425AEC20200B98DC8 /* CollectionCell.swift in Sources */,
			);
			runOnlyForDeploymentPostprocessing = 0;
		};
		7A5B993C25AEBCC000B98DC8 /* Sources */ = {
			isa = PBXSourcesBuildPhase;
			buildActionMask = 2147483647;
			files = (
				7A5B994525AEBCC000B98DC8 /* UICollectionTests.swift in Sources */,
			);
			runOnlyForDeploymentPostprocessing = 0;
		};
		7A5B994725AEBCC000B98DC8 /* Sources */ = {
			isa = PBXSourcesBuildPhase;
			buildActionMask = 2147483647;
			files = (
			);
			runOnlyForDeploymentPostprocessing = 0;
		};
/* End PBXSourcesBuildPhase section */

/* Begin PBXTargetDependency section */
		7A5B994225AEBCC000B98DC8 /* PBXTargetDependency */ = {
			isa = PBXTargetDependency;
			target = 7A5B992925AEBCBD00B98DC8 /* UICollection */;
			targetProxy = 7A5B994125AEBCC000B98DC8 /* PBXContainerItemProxy */;
		};
		7A5B994D25AEBCC000B98DC8 /* PBXTargetDependency */ = {
			isa = PBXTargetDependency;
			target = 7A5B992925AEBCBD00B98DC8 /* UICollection */;
			targetProxy = 7A5B994C25AEBCC000B98DC8 /* PBXContainerItemProxy */;
		};
/* End PBXTargetDependency section */

/* Begin PBXVariantGroup section */
		7A5B993325AEBCBD00B98DC8 /* Main.storyboard */ = {
			isa = PBXVariantGroup;
			children = (
				7A5B993425AEBCBD00B98DC8 /* Base */,
			);
			name = Main.storyboard;
			sourceTree = "<group>";
		};
		7A5B993825AEBCBF00B98DC8 /* LaunchScreen.storyboard */ = {
			isa = PBXVariantGroup;
			children = (
				7A5B993925AEBCBF00B98DC8 /* Base */,
			);
			name = LaunchScreen.storyboard;
			sourceTree = "<group>";
		};
/* End PBXVariantGroup section */

/* Begin XCBuildConfiguration section */
		7A5B995225AEBCC000B98DC8 /* Debug */ = {
			isa = XCBuildConfiguration;
			buildSettings = {
				ALWAYS_SEARCH_USER_PATHS = NO;
				CLANG_ANALYZER_NONNULL = YES;
				CLANG_ANALYZER_NUMBER_OBJECT_CONVERSION = YES_AGGRESSIVE;
				CLANG_CXX_LANGUAGE_STANDARD = "gnu++14";
				CLANG_CXX_LIBRARY = "libc++";
				CLANG_ENABLE_MODULES = YES;
				CLANG_ENABLE_OBJC_ARC = YES;
				CLANG_ENABLE_OBJC_WEAK = YES;
				CLANG_WARN_BLOCK_CAPTURE_AUTORELEASING = YES;
				CLANG_WARN_BOOL_CONVERSION = YES;
				CLANG_WARN_COMMA = YES;
				CLANG_WARN_CONSTANT_CONVERSION = YES;
				CLANG_WARN_DEPRECATED_OBJC_IMPLEMENTATIONS = YES;
				CLANG_WARN_DIRECT_OBJC_ISA_USAGE = YES_ERROR;
				CLANG_WARN_DOCUMENTATION_COMMENTS = YES;
				CLANG_WARN_EMPTY_BODY = YES;
				CLANG_WARN_ENUM_CONVERSION = YES;
				CLANG_WARN_INFINITE_RECURSION = YES;
				CLANG_WARN_INT_CONVERSION = YES;
				CLANG_WARN_NON_LITERAL_NULL_CONVERSION = YES;
				CLANG_WARN_OBJC_IMPLICIT_RETAIN_SELF = YES;
				CLANG_WARN_OBJC_LITERAL_CONVERSION = YES;
				CLANG_WARN_OBJC_ROOT_CLASS = YES_ERROR;
				CLANG_WARN_QUOTED_INCLUDE_IN_FRAMEWORK_HEADER = YES;
				CLANG_WARN_RANGE_LOOP_ANALYSIS = YES;
				CLANG_WARN_STRICT_PROTOTYPES = YES;
				CLANG_WARN_SUSPICIOUS_MOVE = YES;
				CLANG_WARN_UNGUARDED_AVAILABILITY = YES_AGGRESSIVE;
				CLANG_WARN_UNREACHABLE_CODE = YES;
				CLANG_WARN__DUPLICATE_METHOD_MATCH = YES;
				COPY_PHASE_STRIP = NO;
				DEBUG_INFORMATION_FORMAT = dwarf;
				ENABLE_STRICT_OBJC_MSGSEND = YES;
				ENABLE_TESTABILITY = YES;
				GCC_C_LANGUAGE_STANDARD = gnu11;
				GCC_DYNAMIC_NO_PIC = NO;
				GCC_NO_COMMON_BLOCKS = YES;
				GCC_OPTIMIZATION_LEVEL = 0;
				GCC_PREPROCESSOR_DEFINITIONS = (
					"DEBUG=1",
					"$(inherited)",
				);
				GCC_WARN_64_TO_32_BIT_CONVERSION = YES;
				GCC_WARN_ABOUT_RETURN_TYPE = YES_ERROR;
				GCC_WARN_UNDECLARED_SELECTOR = YES;
				GCC_WARN_UNINITIALIZED_AUTOS = YES_AGGRESSIVE;
				GCC_WARN_UNUSED_FUNCTION = YES;
				GCC_WARN_UNUSED_VARIABLE = YES;
				IPHONEOS_DEPLOYMENT_TARGET = 14.2;
				MTL_ENABLE_DEBUG_INFO = INCLUDE_SOURCE;
				MTL_FAST_MATH = YES;
				ONLY_ACTIVE_ARCH = YES;
				SDKROOT = iphoneos;
				SWIFT_ACTIVE_COMPILATION_CONDITIONS = DEBUG;
				SWIFT_OPTIMIZATION_LEVEL = "-Onone";
			};
			name = Debug;
		};
		7A5B995325AEBCC000B98DC8 /* Release */ = {
			isa = XCBuildConfiguration;
			buildSettings = {
				ALWAYS_SEARCH_USER_PATHS = NO;
				CLANG_ANALYZER_NONNULL = YES;
				CLANG_ANALYZER_NUMBER_OBJECT_CONVERSION = YES_AGGRESSIVE;
				CLANG_CXX_LANGUAGE_STANDARD = "gnu++14";
				CLANG_CXX_LIBRARY = "libc++";
				CLANG_ENABLE_MODULES = YES;
				CLANG_ENABLE_OBJC_ARC = YES;
				CLANG_ENABLE_OBJC_WEAK = YES;
				CLANG_WARN_BLOCK_CAPTURE_AUTORELEASING = YES;
				CLANG_WARN_BOOL_CONVERSION = YES;
				CLANG_WARN_COMMA = YES;
				CLANG_WARN_CONSTANT_CONVERSION = YES;
				CLANG_WARN_DEPRECATED_OBJC_IMPLEMENTATIONS = YES;
				CLANG_WARN_DIRECT_OBJC_ISA_USAGE = YES_ERROR;
				CLANG_WARN_DOCUMENTATION_COMMENTS = YES;
				CLANG_WARN_EMPTY_BODY = YES;
				CLANG_WARN_ENUM_CONVERSION = YES;
				CLANG_WARN_INFINITE_RECURSION = YES;
				CLANG_WARN_INT_CONVERSION = YES;
				CLANG_WARN_NON_LITERAL_NULL_CONVERSION = YES;
				CLANG_WARN_OBJC_IMPLICIT_RETAIN_SELF = YES;
				CLANG_WARN_OBJC_LITERAL_CONVERSION = YES;
				CLANG_WARN_OBJC_ROOT_CLASS = YES_ERROR;
				CLANG_WARN_QUOTED_INCLUDE_IN_FRAMEWORK_HEADER = YES;
				CLANG_WARN_RANGE_LOOP_ANALYSIS = YES;
				CLANG_WARN_STRICT_PROTOTYPES = YES;
				CLANG_WARN_SUSPICIOUS_MOVE = YES;
				CLANG_WARN_UNGUARDED_AVAILABILITY = YES_AGGRESSIVE;
				CLANG_WARN_UNREACHABLE_CODE = YES;
				CLANG_WARN__DUPLICATE_METHOD_MATCH = YES;
				COPY_PHASE_STRIP = NO;
				DEBUG_INFORMATION_FORMAT = "dwarf-with-dsym";
				ENABLE_NS_ASSERTIONS = NO;
				ENABLE_STRICT_OBJC_MSGSEND = YES;
				GCC_C_LANGUAGE_STANDARD = gnu11;
				GCC_NO_COMMON_BLOCKS = YES;
				GCC_WARN_64_TO_32_BIT_CONVERSION = YES;
				GCC_WARN_ABOUT_RETURN_TYPE = YES_ERROR;
				GCC_WARN_UNDECLARED_SELECTOR = YES;
				GCC_WARN_UNINITIALIZED_AUTOS = YES_AGGRESSIVE;
				GCC_WARN_UNUSED_FUNCTION = YES;
				GCC_WARN_UNUSED_VARIABLE = YES;
				IPHONEOS_DEPLOYMENT_TARGET = 14.2;
				MTL_ENABLE_DEBUG_INFO = NO;
				MTL_FAST_MATH = YES;
				SDKROOT = iphoneos;
				SWIFT_COMPILATION_MODE = wholemodule;
				SWIFT_OPTIMIZATION_LEVEL = "-O";
				VALIDATE_PRODUCT = YES;
			};
			name = Release;
		};
		7A5B995525AEBCC000B98DC8 /* Debug */ = {
			isa = XCBuildConfiguration;
			buildSettings = {
				ASSETCATALOG_COMPILER_APPICON_NAME = AppIcon;
				ASSETCATALOG_COMPILER_GLOBAL_ACCENT_COLOR_NAME = AccentColor;
				CODE_SIGN_STYLE = Automatic;
				INFOPLIST_FILE = UICollection/Info.plist;
				LD_RUNPATH_SEARCH_PATHS = (
					"$(inherited)",
					"@executable_path/Frameworks",
				);
				PRODUCT_BUNDLE_IDENTIFIER = Lu.UICollection;
				PRODUCT_NAME = "$(TARGET_NAME)";
				SWIFT_VERSION = 5.0;
				TARGETED_DEVICE_FAMILY = "1,2";
			};
			name = Debug;
		};
		7A5B995625AEBCC000B98DC8 /* Release */ = {
			isa = XCBuildConfiguration;
			buildSettings = {
				ASSETCATALOG_COMPILER_APPICON_NAME = AppIcon;
				ASSETCATALOG_COMPILER_GLOBAL_ACCENT_COLOR_NAME = AccentColor;
				CODE_SIGN_STYLE = Automatic;
				INFOPLIST_FILE = UICollection/Info.plist;
				LD_RUNPATH_SEARCH_PATHS = (
					"$(inherited)",
					"@executable_path/Frameworks",
				);
				PRODUCT_BUNDLE_IDENTIFIER = Lu.UICollection;
				PRODUCT_NAME = "$(TARGET_NAME)";
				SWIFT_VERSION = 5.0;
				TARGETED_DEVICE_FAMILY = "1,2";
			};
			name = Release;
		};
		7A5B995825AEBCC000B98DC8 /* Debug */ = {
			isa = XCBuildConfiguration;
			buildSettings = {
				ALWAYS_EMBED_SWIFT_STANDARD_LIBRARIES = YES;
				BUNDLE_LOADER = "$(TEST_HOST)";
				CODE_SIGN_STYLE = Automatic;
				INFOPLIST_FILE = UICollectionTests/Info.plist;
				IPHONEOS_DEPLOYMENT_TARGET = 14.2;
				LD_RUNPATH_SEARCH_PATHS = (
					"$(inherited)",
					"@executable_path/Frameworks",
					"@loader_path/Frameworks",
				);
				PRODUCT_BUNDLE_IDENTIFIER = Lu.UICollectionTests;
				PRODUCT_NAME = "$(TARGET_NAME)";
				SWIFT_VERSION = 5.0;
				TARGETED_DEVICE_FAMILY = "1,2";
				TEST_HOST = "$(BUILT_PRODUCTS_DIR)/UICollection.app/UICollection";
			};
			name = Debug;
		};
		7A5B995925AEBCC000B98DC8 /* Release */ = {
			isa = XCBuildConfiguration;
			buildSettings = {
				ALWAYS_EMBED_SWIFT_STANDARD_LIBRARIES = YES;
				BUNDLE_LOADER = "$(TEST_HOST)";
				CODE_SIGN_STYLE = Automatic;
				INFOPLIST_FILE = UICollectionTests/Info.plist;
				IPHONEOS_DEPLOYMENT_TARGET = 14.2;
				LD_RUNPATH_SEARCH_PATHS = (
					"$(inherited)",
					"@executable_path/Frameworks",
					"@loader_path/Frameworks",
				);
				PRODUCT_BUNDLE_IDENTIFIER = Lu.UICollectionTests;
				PRODUCT_NAME = "$(TARGET_NAME)";
				SWIFT_VERSION = 5.0;
				TARGETED_DEVICE_FAMILY = "1,2";
				TEST_HOST = "$(BUILT_PRODUCTS_DIR)/UICollection.app/UICollection";
			};
			name = Release;
		};
		7A5B995B25AEBCC000B98DC8 /* Debug */ = {
			isa = XCBuildConfiguration;
			buildSettings = {
				ALWAYS_EMBED_SWIFT_STANDARD_LIBRARIES = YES;
				CODE_SIGN_STYLE = Automatic;
				INFOPLIST_FILE = UICollectionUITests/Info.plist;
				LD_RUNPATH_SEARCH_PATHS = (
					"$(inherited)",
					"@executable_path/Frameworks",
					"@loader_path/Frameworks",
				);
				PRODUCT_BUNDLE_IDENTIFIER = Lu.UICollectionUITests;
				PRODUCT_NAME = "$(TARGET_NAME)";
				SWIFT_VERSION = 5.0;
				TARGETED_DEVICE_FAMILY = "1,2";
				TEST_TARGET_NAME = UICollection;
			};
			name = Debug;
		};
		7A5B995C25AEBCC000B98DC8 /* Release */ = {
			isa = XCBuildConfiguration;
			buildSettings = {
				ALWAYS_EMBED_SWIFT_STANDARD_LIBRARIES = YES;
				CODE_SIGN_STYLE = Automatic;
				INFOPLIST_FILE = UICollectionUITests/Info.plist;
				LD_RUNPATH_SEARCH_PATHS = (
					"$(inherited)",
					"@executable_path/Frameworks",
					"@loader_path/Frameworks",
				);
				PRODUCT_BUNDLE_IDENTIFIER = Lu.UICollectionUITests;
				PRODUCT_NAME = "$(TARGET_NAME)";
				SWIFT_VERSION = 5.0;
				TARGETED_DEVICE_FAMILY = "1,2";
				TEST_TARGET_NAME = UICollection;
			};
			name = Release;
		};
/* End XCBuildConfiguration section */

/* Begin XCConfigurationList section */
		7A5B992525AEBCBD00B98DC8 /* Build configuration list for PBXProject "UICollection" */ = {
			isa = XCConfigurationList;
			buildConfigurations = (
				7A5B995225AEBCC000B98DC8 /* Debug */,
				7A5B995325AEBCC000B98DC8 /* Release */,
			);
			defaultConfigurationIsVisible = 0;
			defaultConfigurationName = Release;
		};
		7A5B995425AEBCC000B98DC8 /* Build configuration list for PBXNativeTarget "UICollection" */ = {
			isa = XCConfigurationList;
			buildConfigurations = (
				7A5B995525AEBCC000B98DC8 /* Debug */,
				7A5B995625AEBCC000B98DC8 /* Release */,
			);
			defaultConfigurationIsVisible = 0;
			defaultConfigurationName = Release;
		};
		7A5B995725AEBCC000B98DC8 /* Build configuration list for PBXNativeTarget "UICollectionTests" */ = {
			isa = XCConfigurationList;
			buildConfigurations = (
				7A5B995825AEBCC000B98DC8 /* Debug */,
				7A5B995925AEBCC000B98DC8 /* Release */,
			);
			defaultConfigurationIsVisible = 0;
			defaultConfigurationName = Release;
		};
		7A5B995A25AEBCC000B98DC8 /* Build configuration list for PBXNativeTarget "UICollectionUITests" */ = {
			isa = XCConfigurationList;
			buildConfigurations = (
				7A5B995B25AEBCC000B98DC8 /* Debug */,
				7A5B995C25AEBCC000B98DC8 /* Release */,
			);
			defaultConfigurationIsVisible = 0;
			defaultConfigurationName = Release;
		};
/* End XCConfigurationList section */
	};
	rootObject = 7A5B992225AEBCBD00B98DC8 /* Project object */;
}
